{
  ".cursorrules": "9e3c0bf569b803d7e6ed2e2b3345573f05e2458f5fd95601944c85390f56a24c",
  ".windsurfrules": "a8433fbd58679849812b43bae7c8dc0238ede4063ca8fac27d049d4e531d8c26",
  ".clinerules": "10250af1ac7ade46cbfaa3c924cb514d25461c7530c0634289312e8600d670a2",
  ".antigravityrules": "62112ef72437ba28fa6a38e19637f1ba4a532d124865d8ba0499c05b59b4e406",
  ".claude/claude.md": "1bf9b545f4eddd18f60eac26be6b752236aadd8e6b8a2b5d0b5b417a162a3a2a",
  ".gemini/guidelines.md": "84ac0fa366d0ea60a5de8bc48dcadf8416e1cfe9997591f3de7ee5fe5a688bd7",
  ".github/copilot-instructions.md": "df3fc4ed5ad62f63b9e452f655884eaeb20d537e463cc65748d47dd90b1cf1b1"
}
